
Microsoft Visual Studio Solution File, Format Version 12.00
# Visual Studio Version 17
VisualStudioVersion = 17.4.33103.184
MinimumVisualStudioVersion = 10.0.40219.1
Project("{9A19103F-16F7-4668-BE54-9A1E7A4F7556}") = "CollectionsAndLinq.BL", "CollectionsAndLinq.BL\CollectionsAndLinq.BL.csproj", "{AC67095D-2565-4050-9636-92CC5EA44962}"
EndProject
Project("{FAE04EC0-301F-11D3-BF4B-00C04F79EFBC}") = "CollectionsAndLinq.VL", "CollectionsAndLinq.VL\CollectionsAndLinq.VL.csproj", "{DA6C9FAE-5327-4E03-A449-D0BEB8090105}"
EndProject
Global
	GlobalSection(SolutionConfigurationPlatforms) = preSolution
		Debug|Any CPU = Debug|Any CPU
		Release|Any CPU = Release|Any CPU
	EndGlobalSection
	GlobalSection(ProjectConfigurationPlatforms) = postSolution
		{AC67095D-2565-4050-9636-92CC5EA44962}.Debug|Any CPU.ActiveCfg = Debug|Any CPU
		{AC67095D-2565-4050-9636-92CC5EA44962}.Debug|Any CPU.Build.0 = Debug|Any CPU
		{AC67095D-2565-4050-9636-92CC5EA44962}.Release|Any CPU.ActiveCfg = Release|Any CPU
		{AC67095D-2565-4050-9636-92CC5EA44962}.Release|Any CPU.Build.0 = Release|Any CPU
		{DA6C9FAE-5327-4E03-A449-D0BEB8090105}.Debug|Any CPU.ActiveCfg = Debug|Any CPU
		{DA6C9FAE-5327-4E03-A449-D0BEB8090105}.Debug|Any CPU.Build.0 = Debug|Any CPU
		{DA6C9FAE-5327-4E03-A449-D0BEB8090105}.Release|Any CPU.ActiveCfg = Release|Any CPU
		{DA6C9FAE-5327-4E03-A449-D0BEB8090105}.Release|Any CPU.Build.0 = Release|Any CPU
	EndGlobalSection
	GlobalSection(SolutionProperties) = preSolution
		HideSolutionNode = FALSE
	EndGlobalSection
	GlobalSection(ExtensibilityGlobals) = postSolution
		SolutionGuid = {C5208920-339E-4B6E-9DEE-A224B64207C8}
	EndGlobalSection
EndGlobal
